
Microsoft Visual Studio Solution File, Format Version 12.00
# Visual Studio 2012
Project("{FAE04EC0-301F-11D3-BF4B-00C04F79EFBC}") = "Model", "Model\Model.csproj", "{BB0CCA57-7C8F-4213-8F2E-28705AF67AFA}"
EndProject
Project("{FAE04EC0-301F-11D3-BF4B-00C04F79EFBC}") = "View", "View\View.csproj", "{BDDC67C8-79DF-452F-B5F3-7D9B992F102C}"
EndProject
Project("{FAE04EC0-301F-11D3-BF4B-00C04F79EFBC}") = "Aplicacao", "Aplicacao\Aplicacao.csproj", "{B0A2A64A-0425-450E-9B70-AD8C16383A44}"
EndProject
Project("{FAE04EC0-301F-11D3-BF4B-00C04F79EFBC}") = "Entidade", "Entidade\Entidade.csproj", "{72252556-A4BE-4785-9457-91C3F1C91E78}"
EndProject
Project("{FAE04EC0-301F-11D3-BF4B-00C04F79EFBC}") = "Repositorio", "Repositorio\Repositorio.csproj", "{6DA3ECA3-9592-453C-AAA9-13B28BB0F1EB}"
EndProject
Project("{FAE04EC0-301F-11D3-BF4B-00C04F79EFBC}") = "Servico", "Servico\Servico.csproj", "{DCEFBF90-5B3A-41BC-AD1E-FB7A9B34FD1A}"
EndProject
Project("{FAE04EC0-301F-11D3-BF4B-00C04F79EFBC}") = "Tradutor", "Tradutor\Tradutor.csproj", "{89850CAD-06EB-45F9-B309-AEE1C9C39B68}"
EndProject
Project("{FAE04EC0-301F-11D3-BF4B-00C04F79EFBC}") = "ViewModel", "ViewModel\ViewModel.csproj", "{1E0F3528-C752-48D6-85F8-D839AC5D401E}"
EndProject
Global
	GlobalSection(SolutionConfigurationPlatforms) = preSolution
		Debug|Any CPU = Debug|Any CPU
		Release|Any CPU = Release|Any CPU
	EndGlobalSection
	GlobalSection(ProjectConfigurationPlatforms) = postSolution
		{BB0CCA57-7C8F-4213-8F2E-28705AF67AFA}.Debug|Any CPU.ActiveCfg = Debug|Any CPU
		{BB0CCA57-7C8F-4213-8F2E-28705AF67AFA}.Debug|Any CPU.Build.0 = Debug|Any CPU
		{BB0CCA57-7C8F-4213-8F2E-28705AF67AFA}.Release|Any CPU.ActiveCfg = Release|Any CPU
		{BB0CCA57-7C8F-4213-8F2E-28705AF67AFA}.Release|Any CPU.Build.0 = Release|Any CPU
		{BDDC67C8-79DF-452F-B5F3-7D9B992F102C}.Debug|Any CPU.ActiveCfg = Debug|Any CPU
		{BDDC67C8-79DF-452F-B5F3-7D9B992F102C}.Debug|Any CPU.Build.0 = Debug|Any CPU
		{BDDC67C8-79DF-452F-B5F3-7D9B992F102C}.Release|Any CPU.ActiveCfg = Release|Any CPU
		{BDDC67C8-79DF-452F-B5F3-7D9B992F102C}.Release|Any CPU.Build.0 = Release|Any CPU
		{B0A2A64A-0425-450E-9B70-AD8C16383A44}.Debug|Any CPU.ActiveCfg = Debug|Any CPU
		{B0A2A64A-0425-450E-9B70-AD8C16383A44}.Debug|Any CPU.Build.0 = Debug|Any CPU
		{B0A2A64A-0425-450E-9B70-AD8C16383A44}.Release|Any CPU.ActiveCfg = Release|Any CPU
		{B0A2A64A-0425-450E-9B70-AD8C16383A44}.Release|Any CPU.Build.0 = Release|Any CPU
		{72252556-A4BE-4785-9457-91C3F1C91E78}.Debug|Any CPU.ActiveCfg = Debug|Any CPU
		{72252556-A4BE-4785-9457-91C3F1C91E78}.Debug|Any CPU.Build.0 = Debug|Any CPU
		{72252556-A4BE-4785-9457-91C3F1C91E78}.Release|Any CPU.ActiveCfg = Release|Any CPU
		{72252556-A4BE-4785-9457-91C3F1C91E78}.Release|Any CPU.Build.0 = Release|Any CPU
		{6DA3ECA3-9592-453C-AAA9-13B28BB0F1EB}.Debug|Any CPU.ActiveCfg = Debug|Any CPU
		{6DA3ECA3-9592-453C-AAA9-13B28BB0F1EB}.Debug|Any CPU.Build.0 = Debug|Any CPU
		{6DA3ECA3-9592-453C-AAA9-13B28BB0F1EB}.Release|Any CPU.ActiveCfg = Release|Any CPU
		{6DA3ECA3-9592-453C-AAA9-13B28BB0F1EB}.Release|Any CPU.Build.0 = Release|Any CPU
		{DCEFBF90-5B3A-41BC-AD1E-FB7A9B34FD1A}.Debug|Any CPU.ActiveCfg = Debug|Any CPU
		{DCEFBF90-5B3A-41BC-AD1E-FB7A9B34FD1A}.Debug|Any CPU.Build.0 = Debug|Any CPU
		{DCEFBF90-5B3A-41BC-AD1E-FB7A9B34FD1A}.Release|Any CPU.ActiveCfg = Release|Any CPU
		{DCEFBF90-5B3A-41BC-AD1E-FB7A9B34FD1A}.Release|Any CPU.Build.0 = Release|Any CPU
		{89850CAD-06EB-45F9-B309-AEE1C9C39B68}.Debug|Any CPU.ActiveCfg = Debug|Any CPU
		{89850CAD-06EB-45F9-B309-AEE1C9C39B68}.Debug|Any CPU.Build.0 = Debug|Any CPU
		{89850CAD-06EB-45F9-B309-AEE1C9C39B68}.Release|Any CPU.ActiveCfg = Release|Any CPU
		{89850CAD-06EB-45F9-B309-AEE1C9C39B68}.Release|Any CPU.Build.0 = Release|Any CPU
		{1E0F3528-C752-48D6-85F8-D839AC5D401E}.Debug|Any CPU.ActiveCfg = Debug|Any CPU
		{1E0F3528-C752-48D6-85F8-D839AC5D401E}.Debug|Any CPU.Build.0 = Debug|Any CPU
		{1E0F3528-C752-48D6-85F8-D839AC5D401E}.Release|Any CPU.ActiveCfg = Release|Any CPU
		{1E0F3528-C752-48D6-85F8-D839AC5D401E}.Release|Any CPU.Build.0 = Release|Any CPU
	EndGlobalSection
	GlobalSection(SolutionProperties) = preSolution
		HideSolutionNode = FALSE
	EndGlobalSection
EndGlobal
